
Microsoft Visual Studio Solution File, Format Version 12.00
# Visual Studio Version 17
VisualStudioVersion = 17.5.33627.172
MinimumVisualStudioVersion = 10.0.40219.1
Project("{2150E333-8FDC-42A3-9474-1A3956D46DE8}") = "Src", "Src", "{12B6D51E-5F16-477C-AE98-46463A2EF564}"
EndProject
Project("{2150E333-8FDC-42A3-9474-1A3956D46DE8}") = "App", "App", "{4082D847-365E-43BD-8D1B-2A3CB429356F}"
EndProject
Project("{2150E333-8FDC-42A3-9474-1A3956D46DE8}") = "Libarries", "Libarries", "{852ACF21-8786-4C45-8208-BD31949B55CF}"
EndProject
Project("{2150E333-8FDC-42A3-9474-1A3956D46DE8}") = "Domaim", "Domaim", "{02D68858-0C1F-49CB-B442-33AF04C487CF}"
EndProject
Project("{2150E333-8FDC-42A3-9474-1A3956D46DE8}") = "Infrastructure", "Infrastructure", "{18B10006-68D4-4B5F-B01A-1E9F20B845C0}"
EndProject
Project("{FAE04EC0-301F-11D3-BF4B-00C04F79EFBC}") = "RoleBased.Model", "RoleBased.Model\RoleBased.Model.csproj", "{05E9C1EB-F261-4BCF-AF5F-85494DEC1C53}"
EndProject
Project("{FAE04EC0-301F-11D3-BF4B-00C04F79EFBC}") = "RoleBased.Shared", "RoleBased.Shared\RoleBased.Shared.csproj", "{B8DE2C08-60F8-4923-B2CB-751D5EDFF9C5}"
EndProject
Project("{FAE04EC0-301F-11D3-BF4B-00C04F79EFBC}") = "RoleBased.Repository", "RoleBased.Repository\RoleBased.Repository.csproj", "{74FB9619-96E9-4D2C-BEF7-C2D71A966746}"
EndProject
Project("{FAE04EC0-301F-11D3-BF4B-00C04F79EFBC}") = "RoleBased.Core", "RoleBased.Core\RoleBased.Core.csproj", "{374A59A6-E7E0-4BBF-8438-02EF551F81D2}"
EndProject
Project("{FAE04EC0-301F-11D3-BF4B-00C04F79EFBC}") = "RoleBased.Infrastructure", "RoleBased.Infrastructure\RoleBased.Infrastructure.csproj", "{A918C7DA-0826-4A70-A324-DA072EC3E664}"
EndProject
Project("{FAE04EC0-301F-11D3-BF4B-00C04F79EFBC}") = "RoleBased.IoC.Configuration", "RoleBased.IoC.Configuration\RoleBased.IoC.Configuration.csproj", "{96658DAC-6227-4F2C-8188-31486251683F}"
EndProject
Project("{FAE04EC0-301F-11D3-BF4B-00C04F79EFBC}") = "RoleBased.Service.Model", "RoleBased.Service.Model\RoleBased.Service.Model.csproj", "{AA3AD673-E971-44EE-A9BD-F7C3408B872D}"
EndProject
Project("{FAE04EC0-301F-11D3-BF4B-00C04F79EFBC}") = "RoleBased.Backend", "RoleBased.Backend\RoleBased.Backend.csproj", "{0825B778-7A11-4E3E-8BAE-DC4BFF30ED38}"
EndProject
Global
	GlobalSection(SolutionConfigurationPlatforms) = preSolution
		Debug|Any CPU = Debug|Any CPU
		Release|Any CPU = Release|Any CPU
	EndGlobalSection
	GlobalSection(ProjectConfigurationPlatforms) = postSolution
		{05E9C1EB-F261-4BCF-AF5F-85494DEC1C53}.Debug|Any CPU.ActiveCfg = Debug|Any CPU
		{05E9C1EB-F261-4BCF-AF5F-85494DEC1C53}.Debug|Any CPU.Build.0 = Debug|Any CPU
		{05E9C1EB-F261-4BCF-AF5F-85494DEC1C53}.Release|Any CPU.ActiveCfg = Release|Any CPU
		{05E9C1EB-F261-4BCF-AF5F-85494DEC1C53}.Release|Any CPU.Build.0 = Release|Any CPU
		{B8DE2C08-60F8-4923-B2CB-751D5EDFF9C5}.Debug|Any CPU.ActiveCfg = Debug|Any CPU
		{B8DE2C08-60F8-4923-B2CB-751D5EDFF9C5}.Debug|Any CPU.Build.0 = Debug|Any CPU
		{B8DE2C08-60F8-4923-B2CB-751D5EDFF9C5}.Release|Any CPU.ActiveCfg = Release|Any CPU
		{B8DE2C08-60F8-4923-B2CB-751D5EDFF9C5}.Release|Any CPU.Build.0 = Release|Any CPU
		{74FB9619-96E9-4D2C-BEF7-C2D71A966746}.Debug|Any CPU.ActiveCfg = Debug|Any CPU
		{74FB9619-96E9-4D2C-BEF7-C2D71A966746}.Debug|Any CPU.Build.0 = Debug|Any CPU
		{74FB9619-96E9-4D2C-BEF7-C2D71A966746}.Release|Any CPU.ActiveCfg = Release|Any CPU
		{74FB9619-96E9-4D2C-BEF7-C2D71A966746}.Release|Any CPU.Build.0 = Release|Any CPU
		{374A59A6-E7E0-4BBF-8438-02EF551F81D2}.Debug|Any CPU.ActiveCfg = Debug|Any CPU
		{374A59A6-E7E0-4BBF-8438-02EF551F81D2}.Debug|Any CPU.Build.0 = Debug|Any CPU
		{374A59A6-E7E0-4BBF-8438-02EF551F81D2}.Release|Any CPU.ActiveCfg = Release|Any CPU
		{374A59A6-E7E0-4BBF-8438-02EF551F81D2}.Release|Any CPU.Build.0 = Release|Any CPU
		{A918C7DA-0826-4A70-A324-DA072EC3E664}.Debug|Any CPU.ActiveCfg = Debug|Any CPU
		{A918C7DA-0826-4A70-A324-DA072EC3E664}.Debug|Any CPU.Build.0 = Debug|Any CPU
		{A918C7DA-0826-4A70-A324-DA072EC3E664}.Release|Any CPU.ActiveCfg = Release|Any CPU
		{A918C7DA-0826-4A70-A324-DA072EC3E664}.Release|Any CPU.Build.0 = Release|Any CPU
		{96658DAC-6227-4F2C-8188-31486251683F}.Debug|Any CPU.ActiveCfg = Debug|Any CPU
		{96658DAC-6227-4F2C-8188-31486251683F}.Debug|Any CPU.Build.0 = Debug|Any CPU
		{96658DAC-6227-4F2C-8188-31486251683F}.Release|Any CPU.ActiveCfg = Release|Any CPU
		{96658DAC-6227-4F2C-8188-31486251683F}.Release|Any CPU.Build.0 = Release|Any CPU
		{AA3AD673-E971-44EE-A9BD-F7C3408B872D}.Debug|Any CPU.ActiveCfg = Debug|Any CPU
		{AA3AD673-E971-44EE-A9BD-F7C3408B872D}.Debug|Any CPU.Build.0 = Debug|Any CPU
		{AA3AD673-E971-44EE-A9BD-F7C3408B872D}.Release|Any CPU.ActiveCfg = Release|Any CPU
		{AA3AD673-E971-44EE-A9BD-F7C3408B872D}.Release|Any CPU.Build.0 = Release|Any CPU
		{0825B778-7A11-4E3E-8BAE-DC4BFF30ED38}.Debug|Any CPU.ActiveCfg = Debug|Any CPU
		{0825B778-7A11-4E3E-8BAE-DC4BFF30ED38}.Debug|Any CPU.Build.0 = Debug|Any CPU
		{0825B778-7A11-4E3E-8BAE-DC4BFF30ED38}.Release|Any CPU.ActiveCfg = Release|Any CPU
		{0825B778-7A11-4E3E-8BAE-DC4BFF30ED38}.Release|Any CPU.Build.0 = Release|Any CPU
	EndGlobalSection
	GlobalSection(SolutionProperties) = preSolution
		HideSolutionNode = FALSE
	EndGlobalSection
	GlobalSection(NestedProjects) = preSolution
		{4082D847-365E-43BD-8D1B-2A3CB429356F} = {12B6D51E-5F16-477C-AE98-46463A2EF564}
		{852ACF21-8786-4C45-8208-BD31949B55CF} = {12B6D51E-5F16-477C-AE98-46463A2EF564}
		{02D68858-0C1F-49CB-B442-33AF04C487CF} = {852ACF21-8786-4C45-8208-BD31949B55CF}
		{18B10006-68D4-4B5F-B01A-1E9F20B845C0} = {852ACF21-8786-4C45-8208-BD31949B55CF}
		{05E9C1EB-F261-4BCF-AF5F-85494DEC1C53} = {02D68858-0C1F-49CB-B442-33AF04C487CF}
		{B8DE2C08-60F8-4923-B2CB-751D5EDFF9C5} = {02D68858-0C1F-49CB-B442-33AF04C487CF}
		{74FB9619-96E9-4D2C-BEF7-C2D71A966746} = {02D68858-0C1F-49CB-B442-33AF04C487CF}
		{374A59A6-E7E0-4BBF-8438-02EF551F81D2} = {18B10006-68D4-4B5F-B01A-1E9F20B845C0}
		{A918C7DA-0826-4A70-A324-DA072EC3E664} = {18B10006-68D4-4B5F-B01A-1E9F20B845C0}
		{96658DAC-6227-4F2C-8188-31486251683F} = {18B10006-68D4-4B5F-B01A-1E9F20B845C0}
		{AA3AD673-E971-44EE-A9BD-F7C3408B872D} = {18B10006-68D4-4B5F-B01A-1E9F20B845C0}
		{0825B778-7A11-4E3E-8BAE-DC4BFF30ED38} = {4082D847-365E-43BD-8D1B-2A3CB429356F}
	EndGlobalSection
	GlobalSection(ExtensibilityGlobals) = postSolution
		SolutionGuid = {0548F002-A0B5-4F4E-87F5-08931DC59943}
	EndGlobalSection
EndGlobal
